
Microsoft Visual Studio Solution File, Format Version 12.00
# Visual Studio Version 17
VisualStudioVersion = 17.5.002.0
MinimumVisualStudioVersion = 10.0.40219.1
Project("{9A19103F-16F7-4668-BE54-9A1E7A4F7556}") = "LuaEngine.Scripts.WebApi", "LuaEngine.Scripts.WebApi.csproj", "{6C81148B-CDA0-424E-9BCC-3ED2490E0169}"
EndProject
Project("{9A19103F-16F7-4668-BE54-9A1E7A4F7556}") = "Scripts.WebApi", "Scripts.WebApi.csproj", "{BCE21964-0B8C-4351-9EA4-4BDEC8142581}"
EndProject
Global
	GlobalSection(SolutionConfigurationPlatforms) = preSolution
		Debug|Any CPU = Debug|Any CPU
		Release|Any CPU = Release|Any CPU
	EndGlobalSection
	GlobalSection(ProjectConfigurationPlatforms) = postSolution
		{6C81148B-CDA0-424E-9BCC-3ED2490E0169}.Debug|Any CPU.ActiveCfg = Debug|Any CPU
		{6C81148B-CDA0-424E-9BCC-3ED2490E0169}.Debug|Any CPU.Build.0 = Debug|Any CPU
		{6C81148B-CDA0-424E-9BCC-3ED2490E0169}.Release|Any CPU.ActiveCfg = Release|Any CPU
		{6C81148B-CDA0-424E-9BCC-3ED2490E0169}.Release|Any CPU.Build.0 = Release|Any CPU
		{BCE21964-0B8C-4351-9EA4-4BDEC8142581}.Debug|Any CPU.ActiveCfg = Debug|Any CPU
		{BCE21964-0B8C-4351-9EA4-4BDEC8142581}.Debug|Any CPU.Build.0 = Debug|Any CPU
		{BCE21964-0B8C-4351-9EA4-4BDEC8142581}.Release|Any CPU.ActiveCfg = Release|Any CPU
		{BCE21964-0B8C-4351-9EA4-4BDEC8142581}.Release|Any CPU.Build.0 = Release|Any CPU
	EndGlobalSection
	GlobalSection(SolutionProperties) = preSolution
		HideSolutionNode = FALSE
	EndGlobalSection
	GlobalSection(ExtensibilityGlobals) = postSolution
		SolutionGuid = {D1658A44-94C4-49C0-B4FC-95C88F7DC8AB}
	EndGlobalSection
EndGlobal
